# This file is autogenerated, do not edit; changes may be undone by the next 'dep ensure'.


[[projects]]
  digest = "1:2be791e7b333ff7c06f8fb3dc18a7d70580e9399dbdffd352621d067ff260b6e"
  name = "github.com/Microsoft/go-winio"
  packages = ["."]
  pruneopts = "NUT"
  revision = "97e4973ce50b2ff5f09635a57e2b88a037aae829"
  version = "v0.4.11"

[[projects]]
  digest = "1:dd698a7a167998072c3df653aba78d4869ce76cf2d484170114ffb78be70dd35"
  name = "github.com/Sirupsen/logrus"
  packages = ["."]
  pruneopts = "NUT"
  revision = "418b41d23a1bf978c06faea5313ba194650ac088"

[[projects]]
  branch = "master"
  digest = "1:3c8a443f16dd3c3639c7650c19af5b1a0686402f1949dafd18352d15239d9b05"
  name = "github.com/bugsnag/osext"
  packages = ["."]
  pruneopts = "NUT"
  revision = "0dd3f918b21bec95ace9dc86c7e70266cfc5c702"

[[projects]]
  digest = "1:cc832d4c674b57b5c67f683f75fba043dd3eec6fcd9b936f00cc8ddf439f2131"
  name = "github.com/cpuguy83/go-md2man"
  packages = ["md2man"]
  pruneopts = "NUT"
  revision = "71acacd42f85e5e82f70a55327789582a5200a90"

[[projects]]
  digest = "1:109af4487053374249121a39c945b6c4d803c362d105df012ebefc2f5ccd18c1"
  name = "github.com/docker/docker"
  packages = [
    "pkg/locker",
    "pkg/plugins",
    "pkg/plugins/transport",
    "pkg/system",
    "volume",
    "volume/drivers",
  ]
  pruneopts = "NUT"
  revision = "4dc5990d7565a4a15d641bc6a0bc50a02cfcf302"
  version = "v1.11.0"

[[projects]]
  digest = "1:fa48577bef2273772c34dbb94ce515b1bf2c4c9ca532d8ab541da423599bec94"
  name = "github.com/docker/go-connections"
  packages = [
    "sockets",
    "tlsconfig",
  ]
  pruneopts = "NUT"
  revision = "7395e3f8aa162843a74ed6d48e79627d9792ac55"
  version = "v0.4.0"

[[projects]]
  digest = "1:4340101f42556a9cb2f7a360a0e95a019bfef6247d92e6c4c46f2433cf86a482"
  name = "github.com/docker/go-units"
  packages = ["."]
  pruneopts = "NUT"
  revision = "47565b4f722fb6ceae66b95f853feed578a4a51c"
  version = "v0.3.3"

[[projects]]
  digest = "1:406338ad39ab2e37b7f4452906442a3dbf0eb3379dd1f06aafb5c07e769a5fbb"
  name = "github.com/inconshreveable/mousetrap"
  packages = ["."]
  pruneopts = "NUT"
  revision = "76626ae9c91c4f2a10f34cad8ce83ea42c93bb75"

[[projects]]
  digest = "1:14715f705ff5dfe0ffd6571d7d201dd8e921030f8070321a79380d8ca4ec1a24"
  name = "github.com/pkg/errors"
  packages = ["."]
  pruneopts = "NUT"
  revision = "ba968bfe8b2f7e042a574c888954fccecfa385b4"
  version = "v0.8.1"

[[projects]]
  digest = "1:1e780becaf57b838cac62c7ec94321812c3b39ea932ac301611797ae8c699154"
  name = "github.com/russross/blackfriday"
  packages = ["."]
  pruneopts = "NUT"
  revision = "8cec3a854e68dba10faabbe31c089abf4a3e57a6"

[[projects]]
  digest = "1:95a808fe3d3ef15a8290926e48d4e6d18ccf93104411311110ac9e6201841d40"
  name = "github.com/shurcooL/sanitized_anchor_name"
  packages = ["."]
  pruneopts = "NUT"
  revision = "244f5ac324cb97e1987ef901a0081a77bfd8e845"

[[projects]]
  digest = "1:d89964255a2f48ffe981201b1988d48e8509bb694f0497271abd2a138275ccae"
  name = "github.com/spf13/cobra"
  packages = ["."]
  pruneopts = "NUT"
  revision = "d732ab3a34e6e9e6b5bdac80707c2b6bad852936"

[[projects]]
  digest = "1:33b0ecf0246a2ee3a653a45e47c7ece783346caea46743d20c6be9ef4d794318"
  name = "github.com/spf13/pflag"
  packages = ["."]
  pruneopts = "NUT"
  revision = "b084184666e02084b8ccb9b704bf0d79c466eb1d"

[[projects]]
  branch = "master"
  digest = "1:0a004b4ff5794b399b3556e68f0c436a57d5f7e437e740bb16c0b521ceb23fd7"
  name = "golang.org/x/net"
  packages = [
    "internal/socks",
    "proxy",
  ]
  pruneopts = "NUT"
  revision = "915654e7eabcea33ae277abbecf52f0d8b7a9fdc"

[[projects]]
  branch = "master"
  digest = "1:68a4638398cf8c864a6aa50c8853ebe7935f939aa3acf7e44cb35b67852e9fef"
  name = "golang.org/x/sys"
  packages = ["windows"]
  pruneopts = "NUT"
  revision = "a457fd036447854c0c02e89ea439481bdcf941a2"

[solve-meta]
  analyzer-name = "dep"
  analyzer-version = 1
  input-imports = [
    "github.com/Sirupsen/logrus",
    "github.com/bugsnag/osext",
    "github.com/docker/docker/pkg/plugins",
    "github.com/docker/docker/volume",
    "github.com/docker/docker/volume/drivers",
    "github.com/spf13/cobra",
  ]
  solver-name = "gps-cdcl"
  solver-version = 1
